
Microsoft Visual Studio Solution File, Format Version 12.00
# Visual Studio Version 17
VisualStudioVersion = 17.4.33205.214
MinimumVisualStudioVersion = 10.0.40219.1
Project("{FAE04EC0-301F-11D3-BF4B-00C04F79EFBC}") = "Digital_library", "Digital_library.csproj", "{D953ECA8-4E38-4092-BBAD-44C699FFA34A}"
EndProject
Global
	GlobalSection(SolutionConfigurationPlatforms) = preSolution
		Debug|Any CPU = Debug|Any CPU
		Release|Any CPU = Release|Any CPU
	EndGlobalSection
	GlobalSection(ProjectConfigurationPlatforms) = postSolution
		{D953ECA8-4E38-4092-BBAD-44C699FFA34A}.Debug|Any CPU.ActiveCfg = Debug|Any CPU
		{D953ECA8-4E38-4092-BBAD-44C699FFA34A}.Debug|Any CPU.Build.0 = Debug|Any CPU
		{D953ECA8-4E38-4092-BBAD-44C699FFA34A}.Release|Any CPU.ActiveCfg = Release|Any CPU
		{D953ECA8-4E38-4092-BBAD-44C699FFA34A}.Release|Any CPU.Build.0 = Release|Any CPU
	EndGlobalSection
	GlobalSection(SolutionProperties) = preSolution
		HideSolutionNode = FALSE
	EndGlobalSection
	GlobalSection(ExtensibilityGlobals) = postSolution
		SolutionGuid = {A23A8421-1A1F-4AD9-9683-8D8BC5CC876A}
	EndGlobalSection
EndGlobal
